
Microsoft Visual Studio Solution File, Format Version 12.00
# Visual Studio Version 16
VisualStudioVersion = 16.0.30114.105
MinimumVisualStudioVersion = 10.0.40219.1
Project("{FAE04EC0-301F-11D3-BF4B-00C04F79EFBC}") = "TP4", "TP4.csproj", "{296F3095-0153-4446-BEE0-68B888BF9102}"
EndProject
Project("{FAE04EC0-301F-11D3-BF4B-00C04F79EFBC}") = "TP4.AdoMySQL", "TP4.AdoMySQL\TP4.AdoMySQL.csproj", "{8731CA59-FD75-4067-A6DF-B9DCF7CAA74D}"
EndProject
Global
	GlobalSection(SolutionConfigurationPlatforms) = preSolution
		Debug|Any CPU = Debug|Any CPU
		Release|Any CPU = Release|Any CPU
	EndGlobalSection
	GlobalSection(SolutionProperties) = preSolution
		HideSolutionNode = FALSE
	EndGlobalSection
	GlobalSection(ProjectConfigurationPlatforms) = postSolution
		{296F3095-0153-4446-BEE0-68B888BF9102}.Debug|Any CPU.ActiveCfg = Debug|Any CPU
		{296F3095-0153-4446-BEE0-68B888BF9102}.Debug|Any CPU.Build.0 = Debug|Any CPU
		{296F3095-0153-4446-BEE0-68B888BF9102}.Release|Any CPU.ActiveCfg = Release|Any CPU
		{296F3095-0153-4446-BEE0-68B888BF9102}.Release|Any CPU.Build.0 = Release|Any CPU
		{8731CA59-FD75-4067-A6DF-B9DCF7CAA74D}.Debug|Any CPU.ActiveCfg = Debug|Any CPU
		{8731CA59-FD75-4067-A6DF-B9DCF7CAA74D}.Debug|Any CPU.Build.0 = Debug|Any CPU
		{8731CA59-FD75-4067-A6DF-B9DCF7CAA74D}.Release|Any CPU.ActiveCfg = Release|Any CPU
		{8731CA59-FD75-4067-A6DF-B9DCF7CAA74D}.Release|Any CPU.Build.0 = Release|Any CPU
	EndGlobalSection
EndGlobal
