
Microsoft Visual Studio Solution File, Format Version 12.00
# Visual Studio Version 16
VisualStudioVersion = 16.0.30114.105
MinimumVisualStudioVersion = 10.0.40219.1
Project("{FAE04EC0-301F-11D3-BF4B-00C04F79EFBC}") = "TP4.Core", "TP4.Core\TP4.Core.csproj", "{ECF9CAC9-F562-435A-918D-8F503724B7AA}"
EndProject
Project("{FAE04EC0-301F-11D3-BF4B-00C04F79EFBC}") = "TP4.AdoMySQL", "TP4.AMySQL\TP4.AdoMySQL.csproj", "{66D0E888-940F-45AD-966B-7C7A0564BD66}"
EndProject
Global
	GlobalSection(SolutionConfigurationPlatforms) = preSolution
		Debug|Any CPU = Debug|Any CPU
		Release|Any CPU = Release|Any CPU
	EndGlobalSection
	GlobalSection(SolutionProperties) = preSolution
		HideSolutionNode = FALSE
	EndGlobalSection
	GlobalSection(ProjectConfigurationPlatforms) = postSolution
		{ECF9CAC9-F562-435A-918D-8F503724B7AA}.Debug|Any CPU.ActiveCfg = Debug|Any CPU
		{ECF9CAC9-F562-435A-918D-8F503724B7AA}.Debug|Any CPU.Build.0 = Debug|Any CPU
		{ECF9CAC9-F562-435A-918D-8F503724B7AA}.Release|Any CPU.ActiveCfg = Release|Any CPU
		{ECF9CAC9-F562-435A-918D-8F503724B7AA}.Release|Any CPU.Build.0 = Release|Any CPU
		{66D0E888-940F-45AD-966B-7C7A0564BD66}.Debug|Any CPU.ActiveCfg = Debug|Any CPU
		{66D0E888-940F-45AD-966B-7C7A0564BD66}.Debug|Any CPU.Build.0 = Debug|Any CPU
		{66D0E888-940F-45AD-966B-7C7A0564BD66}.Release|Any CPU.ActiveCfg = Release|Any CPU
		{66D0E888-940F-45AD-966B-7C7A0564BD66}.Release|Any CPU.Build.0 = Release|Any CPU
	EndGlobalSection
EndGlobal
